
Microsoft Visual Studio Solution File, Format Version 12.00
# Visual Studio Version 17
VisualStudioVersion = 17.3.32825.248
MinimumVisualStudioVersion = 10.0.40219.1
Project("{FAE04EC0-301F-11D3-BF4B-00C04F79EFBC}") = "AppCitas.Service", "AppCitas.Service.csproj", "{66FC63E4-BE5D-4CF5-AC73-3E99968F9A59}"
EndProject
Global
	GlobalSection(SolutionConfigurationPlatforms) = preSolution
		Debug|Any CPU = Debug|Any CPU
		Release|Any CPU = Release|Any CPU
	EndGlobalSection
	GlobalSection(ProjectConfigurationPlatforms) = postSolution
		{66FC63E4-BE5D-4CF5-AC73-3E99968F9A59}.Debug|Any CPU.ActiveCfg = Debug|Any CPU
		{66FC63E4-BE5D-4CF5-AC73-3E99968F9A59}.Debug|Any CPU.Build.0 = Debug|Any CPU
		{66FC63E4-BE5D-4CF5-AC73-3E99968F9A59}.Release|Any CPU.ActiveCfg = Release|Any CPU
		{66FC63E4-BE5D-4CF5-AC73-3E99968F9A59}.Release|Any CPU.Build.0 = Release|Any CPU
	EndGlobalSection
	GlobalSection(SolutionProperties) = preSolution
		HideSolutionNode = FALSE
	EndGlobalSection
	GlobalSection(ExtensibilityGlobals) = postSolution
		SolutionGuid = {A91766F7-2F40-47C2-80F2-3151F957CFA7}
	EndGlobalSection
EndGlobal
